// !$*UTF8*$!
{
	archiveVersion = 1;
	classes = {
	};
	objectVersion = 50;
	objects = {

/* Begin PBXBuildFile section */
		04E438AB23049A8A0056E4C5 /* AppDelegate.swift in Sources */ = {isa = PBXBuildFile; fileRef = 04E438AA23049A8A0056E4C5 /* AppDelegate.swift */; };
		04E438AD23049A8A0056E4C5 /* ViewController.swift in Sources */ = {isa = PBXBuildFile; fileRef = 04E438AC23049A8A0056E4C5 /* ViewController.swift */; };
		04E438B023049A8A0056E4C5 /* Main.storyboard in Resources */ = {isa = PBXBuildFile; fileRef = 04E438AE23049A8A0056E4C5 /* Main.storyboard */; };
		04E438B323049A8A0056E4C5 /* ViperMoviesssDB.xcdatamodeld in Sources */ = {isa = PBXBuildFile; fileRef = 04E438B123049A8A0056E4C5 /* ViperMoviesssDB.xcdatamodeld */; };
		04E438B523049A8B0056E4C5 /* Assets.xcassets in Resources */ = {isa = PBXBuildFile; fileRef = 04E438B423049A8B0056E4C5 /* Assets.xcassets */; };
		04E438B823049A8B0056E4C5 /* LaunchScreen.storyboard in Resources */ = {isa = PBXBuildFile; fileRef = 04E438B623049A8B0056E4C5 /* LaunchScreen.storyboard */; };
		04E438C323049A8B0056E4C5 /* ViperMoviesssDBTests.swift in Sources */ = {isa = PBXBuildFile; fileRef = 04E438C223049A8B0056E4C5 /* ViperMoviesssDBTests.swift */; };
		04E438CE23049A8B0056E4C5 /* ViperMoviesssDBUITests.swift in Sources */ = {isa = PBXBuildFile; fileRef = 04E438CD23049A8B0056E4C5 /* ViperMoviesssDBUITests.swift */; };
		04E438E423049DF80056E4C5 /* MovieHomeScreenPresenter.swift in Sources */ = {isa = PBXBuildFile; fileRef = 04E438DD23049DF80056E4C5 /* MovieHomeScreenPresenter.swift */; };
		04E438E523049DF80056E4C5 /* MovieHomeScreenRouter.swift in Sources */ = {isa = PBXBuildFile; fileRef = 04E438DE23049DF80056E4C5 /* MovieHomeScreenRouter.swift */; };
		04E438E623049DF80056E4C5 /* MovieHomeScreenContracts.swift in Sources */ = {isa = PBXBuildFile; fileRef = 04E438DF23049DF80056E4C5 /* MovieHomeScreenContracts.swift */; };
		04E438E723049DF80056E4C5 /* MovieHomeScreenInteractor.swift in Sources */ = {isa = PBXBuildFile; fileRef = 04E438E023049DF80056E4C5 /* MovieHomeScreenInteractor.swift */; };
		04E438E823049DF80056E4C5 /* MovieHomeScreenView.swift in Sources */ = {isa = PBXBuildFile; fileRef = 04E438E123049DF80056E4C5 /* MovieHomeScreenView.swift */; };
		F10488BC2305C31E00EE61F8 /* MovieDetailsViewUI.swift in Sources */ = {isa = PBXBuildFile; fileRef = F10488B52305C31E00EE61F8 /* MovieDetailsViewUI.swift */; };
		F10488BD2305C31E00EE61F8 /* MovieDetailsPresenter.swift in Sources */ = {isa = PBXBuildFile; fileRef = F10488B62305C31E00EE61F8 /* MovieDetailsPresenter.swift */; };
		F10488BE2305C31E00EE61F8 /* MovieDetailsRouter.swift in Sources */ = {isa = PBXBuildFile; fileRef = F10488B72305C31E00EE61F8 /* MovieDetailsRouter.swift */; };
		F10488BF2305C31E00EE61F8 /* MovieDetailsContracts.swift in Sources */ = {isa = PBXBuildFile; fileRef = F10488B82305C31E00EE61F8 /* MovieDetailsContracts.swift */; };
		F10488C02305C31E00EE61F8 /* MovieDetailsInteractor.swift in Sources */ = {isa = PBXBuildFile; fileRef = F10488B92305C31E00EE61F8 /* MovieDetailsInteractor.swift */; };
		F10488C12305C31E00EE61F8 /* MovieDetailsView.swift in Sources */ = {isa = PBXBuildFile; fileRef = F10488BA2305C31E00EE61F8 /* MovieDetailsView.swift */; };
		F10488C22305C31E00EE61F8 /* MovieDetailsEntity.swift in Sources */ = {isa = PBXBuildFile; fileRef = F10488BB2305C31E00EE61F8 /* MovieDetailsEntity.swift */; };
		F10488CE2305D00500EE61F8 /* MovieDbAPI.swift in Sources */ = {isa = PBXBuildFile; fileRef = F10488CD2305D00500EE61F8 /* MovieDbAPI.swift */; };
		F10488D12305D03600EE61F8 /* MovieProtocolAPI.swift in Sources */ = {isa = PBXBuildFile; fileRef = F10488D02305D03600EE61F8 /* MovieProtocolAPI.swift */; };
		F10488D52305D1EC00EE61F8 /* Album.swift in Sources */ = {isa = PBXBuildFile; fileRef = F10488D42305D1EC00EE61F8 /* Album.swift */; };
		F10488D72305D74300EE61F8 /* NowPlayingMoviesResult.swift in Sources */ = {isa = PBXBuildFile; fileRef = F10488D62305D74300EE61F8 /* NowPlayingMoviesResult.swift */; };
		F10488E22306279600EE61F8 /* NowPlayingCollectionViewCell.swift in Sources */ = {isa = PBXBuildFile; fileRef = F10488E02306279600EE61F8 /* NowPlayingCollectionViewCell.swift */; };
		F10488E32306279600EE61F8 /* NowPlayingCollectionViewCell.xib in Resources */ = {isa = PBXBuildFile; fileRef = F10488E12306279600EE61F8 /* NowPlayingCollectionViewCell.xib */; };
		F10488E823063B3900EE61F8 /* NowPlayingTableViewCell.swift in Sources */ = {isa = PBXBuildFile; fileRef = F10488E623063B3900EE61F8 /* NowPlayingTableViewCell.swift */; };
		F10488E923063B3900EE61F8 /* NowPlayingTableViewCell.xib in Resources */ = {isa = PBXBuildFile; fileRef = F10488E723063B3900EE61F8 /* NowPlayingTableViewCell.xib */; };
		F10488EC2306455C00EE61F8 /* PopularMoviesTableViewCell.swift in Sources */ = {isa = PBXBuildFile; fileRef = F10488EA2306455C00EE61F8 /* PopularMoviesTableViewCell.swift */; };
		F10488ED2306455C00EE61F8 /* PopularMoviesTableViewCell.xib in Resources */ = {isa = PBXBuildFile; fileRef = F10488EB2306455C00EE61F8 /* PopularMoviesTableViewCell.xib */; };
		F1797DC72307270A007C3FCF /* NowPlayingHeader.xib in Resources */ = {isa = PBXBuildFile; fileRef = F1797DC62307270A007C3FCF /* NowPlayingHeader.xib */; };
		F1797DC923072786007C3FCF /* NowPlayingViewHeader.swift in Sources */ = {isa = PBXBuildFile; fileRef = F1797DC823072786007C3FCF /* NowPlayingViewHeader.swift */; };
		F1797DCB230732B4007C3FCF /* MovieDetails.storyboard in Resources */ = {isa = PBXBuildFile; fileRef = F1797DCA230732B4007C3FCF /* MovieDetails.storyboard */; };
		F1797DCE2307357E007C3FCF /* MovieDetailsHeader.xib in Resources */ = {isa = PBXBuildFile; fileRef = F1797DCD2307357E007C3FCF /* MovieDetailsHeader.xib */; };
		F1797DD0230736F7007C3FCF /* VotesView.xib in Resources */ = {isa = PBXBuildFile; fileRef = F1797DCF230736F7007C3FCF /* VotesView.xib */; };
		F1797DD32307428B007C3FCF /* MovieOverviewTableViewCell.swift in Sources */ = {isa = PBXBuildFile; fileRef = F1797DD12307428B007C3FCF /* MovieOverviewTableViewCell.swift */; };
		F1797DD42307428B007C3FCF /* MovieOverviewTableViewCell.xib in Resources */ = {isa = PBXBuildFile; fileRef = F1797DD22307428B007C3FCF /* MovieOverviewTableViewCell.xib */; };
/* End PBXBuildFile section */

/* Begin PBXContainerItemProxy section */
		04E438BF23049A8B0056E4C5 /* PBXContainerItemProxy */ = {
			isa = PBXContainerItemProxy;
			containerPortal = 04E4389F23049A890056E4C5 /* Project object */;
			proxyType = 1;
			remoteGlobalIDString = 04E438A623049A8A0056E4C5;
			remoteInfo = ViperMoviesssDB;
		};
		04E438CA23049A8B0056E4C5 /* PBXContainerItemProxy */ = {
			isa = PBXContainerItemProxy;
			containerPortal = 04E4389F23049A890056E4C5 /* Project object */;
			proxyType = 1;
			remoteGlobalIDString = 04E438A623049A8A0056E4C5;
			remoteInfo = ViperMoviesssDB;
		};
/* End PBXContainerItemProxy section */

/* Begin PBXFileReference section */
		04E438A723049A8A0056E4C5 /* ViperMoviesssDB.app */ = {isa = PBXFileReference; explicitFileType = wrapper.application; includeInIndex = 0; path = ViperMoviesssDB.app; sourceTree = BUILT_PRODUCTS_DIR; };
		04E438AA23049A8A0056E4C5 /* AppDelegate.swift */ = {isa = PBXFileReference; lastKnownFileType = sourcecode.swift; path = AppDelegate.swift; sourceTree = "<group>"; };
		04E438AC23049A8A0056E4C5 /* ViewController.swift */ = {isa = PBXFileReference; lastKnownFileType = sourcecode.swift; path = ViewController.swift; sourceTree = "<group>"; };
		04E438AF23049A8A0056E4C5 /* Base */ = {isa = PBXFileReference; lastKnownFileType = file.storyboard; name = Base; path = Base.lproj/Main.storyboard; sourceTree = "<group>"; };
		04E438B223049A8A0056E4C5 /* ViperMoviesssDB.xcdatamodel */ = {isa = PBXFileReference; lastKnownFileType = wrapper.xcdatamodel; path = ViperMoviesssDB.xcdatamodel; sourceTree = "<group>"; };
		04E438B423049A8B0056E4C5 /* Assets.xcassets */ = {isa = PBXFileReference; lastKnownFileType = folder.assetcatalog; path = Assets.xcassets; sourceTree = "<group>"; };
		04E438B723049A8B0056E4C5 /* Base */ = {isa = PBXFileReference; lastKnownFileType = file.storyboard; name = Base; path = Base.lproj/LaunchScreen.storyboard; sourceTree = "<group>"; };
		04E438B923049A8B0056E4C5 /* Info.plist */ = {isa = PBXFileReference; lastKnownFileType = text.plist.xml; path = Info.plist; sourceTree = "<group>"; };
		04E438BE23049A8B0056E4C5 /* ViperMoviesssDBTests.xctest */ = {isa = PBXFileReference; explicitFileType = wrapper.cfbundle; includeInIndex = 0; path = ViperMoviesssDBTests.xctest; sourceTree = BUILT_PRODUCTS_DIR; };
		04E438C223049A8B0056E4C5 /* ViperMoviesssDBTests.swift */ = {isa = PBXFileReference; lastKnownFileType = sourcecode.swift; path = ViperMoviesssDBTests.swift; sourceTree = "<group>"; };
		04E438C423049A8B0056E4C5 /* Info.plist */ = {isa = PBXFileReference; lastKnownFileType = text.plist.xml; path = Info.plist; sourceTree = "<group>"; };
		04E438C923049A8B0056E4C5 /* ViperMoviesssDBUITests.xctest */ = {isa = PBXFileReference; explicitFileType = wrapper.cfbundle; includeInIndex = 0; path = ViperMoviesssDBUITests.xctest; sourceTree = BUILT_PRODUCTS_DIR; };
		04E438CD23049A8B0056E4C5 /* ViperMoviesssDBUITests.swift */ = {isa = PBXFileReference; lastKnownFileType = sourcecode.swift; path = ViperMoviesssDBUITests.swift; sourceTree = "<group>"; };
		04E438CF23049A8B0056E4C5 /* Info.plist */ = {isa = PBXFileReference; lastKnownFileType = text.plist.xml; path = Info.plist; sourceTree = "<group>"; };
		04E438DD23049DF80056E4C5 /* MovieHomeScreenPresenter.swift */ = {isa = PBXFileReference; lastKnownFileType = sourcecode.swift; path = MovieHomeScreenPresenter.swift; sourceTree = "<group>"; };
		04E438DE23049DF80056E4C5 /* MovieHomeScreenRouter.swift */ = {isa = PBXFileReference; lastKnownFileType = sourcecode.swift; path = MovieHomeScreenRouter.swift; sourceTree = "<group>"; };
		04E438DF23049DF80056E4C5 /* MovieHomeScreenContracts.swift */ = {isa = PBXFileReference; lastKnownFileType = sourcecode.swift; path = MovieHomeScreenContracts.swift; sourceTree = "<group>"; };
		04E438E023049DF80056E4C5 /* MovieHomeScreenInteractor.swift */ = {isa = PBXFileReference; lastKnownFileType = sourcecode.swift; path = MovieHomeScreenInteractor.swift; sourceTree = "<group>"; };
		04E438E123049DF80056E4C5 /* MovieHomeScreenView.swift */ = {isa = PBXFileReference; lastKnownFileType = sourcecode.swift; path = MovieHomeScreenView.swift; sourceTree = "<group>"; };
		F10488B52305C31E00EE61F8 /* MovieDetailsViewUI.swift */ = {isa = PBXFileReference; lastKnownFileType = sourcecode.swift; path = MovieDetailsViewUI.swift; sourceTree = "<group>"; };
		F10488B62305C31E00EE61F8 /* MovieDetailsPresenter.swift */ = {isa = PBXFileReference; lastKnownFileType = sourcecode.swift; path = MovieDetailsPresenter.swift; sourceTree = "<group>"; };
		F10488B72305C31E00EE61F8 /* MovieDetailsRouter.swift */ = {isa = PBXFileReference; lastKnownFileType = sourcecode.swift; path = MovieDetailsRouter.swift; sourceTree = "<group>"; };
		F10488B82305C31E00EE61F8 /* MovieDetailsContracts.swift */ = {isa = PBXFileReference; lastKnownFileType = sourcecode.swift; path = MovieDetailsContracts.swift; sourceTree = "<group>"; };
		F10488B92305C31E00EE61F8 /* MovieDetailsInteractor.swift */ = {isa = PBXFileReference; lastKnownFileType = sourcecode.swift; path = MovieDetailsInteractor.swift; sourceTree = "<group>"; };
		F10488BA2305C31E00EE61F8 /* MovieDetailsView.swift */ = {isa = PBXFileReference; lastKnownFileType = sourcecode.swift; path = MovieDetailsView.swift; sourceTree = "<group>"; };
		F10488BB2305C31E00EE61F8 /* MovieDetailsEntity.swift */ = {isa = PBXFileReference; lastKnownFileType = sourcecode.swift; path = MovieDetailsEntity.swift; sourceTree = "<group>"; };
		F10488CD2305D00500EE61F8 /* MovieDbAPI.swift */ = {isa = PBXFileReference; lastKnownFileType = sourcecode.swift; path = MovieDbAPI.swift; sourceTree = "<group>"; };
		F10488D02305D03600EE61F8 /* MovieProtocolAPI.swift */ = {isa = PBXFileReference; lastKnownFileType = sourcecode.swift; path = MovieProtocolAPI.swift; sourceTree = "<group>"; };
		F10488D42305D1EC00EE61F8 /* Album.swift */ = {isa = PBXFileReference; lastKnownFileType = sourcecode.swift; path = Album.swift; sourceTree = "<group>"; };
		F10488D62305D74300EE61F8 /* NowPlayingMoviesResult.swift */ = {isa = PBXFileReference; lastKnownFileType = sourcecode.swift; path = NowPlayingMoviesResult.swift; sourceTree = "<group>"; };
		F10488E02306279600EE61F8 /* NowPlayingCollectionViewCell.swift */ = {isa = PBXFileReference; lastKnownFileType = sourcecode.swift; path = NowPlayingCollectionViewCell.swift; sourceTree = "<group>"; };
		F10488E12306279600EE61F8 /* NowPlayingCollectionViewCell.xib */ = {isa = PBXFileReference; lastKnownFileType = file.xib; path = NowPlayingCollectionViewCell.xib; sourceTree = "<group>"; };
		F10488E623063B3900EE61F8 /* NowPlayingTableViewCell.swift */ = {isa = PBXFileReference; lastKnownFileType = sourcecode.swift; path = NowPlayingTableViewCell.swift; sourceTree = "<group>"; };
		F10488E723063B3900EE61F8 /* NowPlayingTableViewCell.xib */ = {isa = PBXFileReference; lastKnownFileType = file.xib; path = NowPlayingTableViewCell.xib; sourceTree = "<group>"; };
		F10488EA2306455C00EE61F8 /* PopularMoviesTableViewCell.swift */ = {isa = PBXFileReference; lastKnownFileType = sourcecode.swift; path = PopularMoviesTableViewCell.swift; sourceTree = "<group>"; };
		F10488EB2306455C00EE61F8 /* PopularMoviesTableViewCell.xib */ = {isa = PBXFileReference; lastKnownFileType = file.xib; path = PopularMoviesTableViewCell.xib; sourceTree = "<group>"; };
		F1797DC62307270A007C3FCF /* NowPlayingHeader.xib */ = {isa = PBXFileReference; lastKnownFileType = file.xib; path = NowPlayingHeader.xib; sourceTree = "<group>"; };
		F1797DC823072786007C3FCF /* NowPlayingViewHeader.swift */ = {isa = PBXFileReference; lastKnownFileType = sourcecode.swift; path = NowPlayingViewHeader.swift; sourceTree = "<group>"; };
		F1797DCA230732B4007C3FCF /* MovieDetails.storyboard */ = {isa = PBXFileReference; lastKnownFileType = file.storyboard; path = MovieDetails.storyboard; sourceTree = "<group>"; };
		F1797DCD2307357E007C3FCF /* MovieDetailsHeader.xib */ = {isa = PBXFileReference; lastKnownFileType = file.xib; path = MovieDetailsHeader.xib; sourceTree = "<group>"; };
		F1797DCF230736F7007C3FCF /* VotesView.xib */ = {isa = PBXFileReference; lastKnownFileType = file.xib; path = VotesView.xib; sourceTree = "<group>"; };
		F1797DD12307428B007C3FCF /* MovieOverviewTableViewCell.swift */ = {isa = PBXFileReference; lastKnownFileType = sourcecode.swift; path = MovieOverviewTableViewCell.swift; sourceTree = "<group>"; };
		F1797DD22307428B007C3FCF /* MovieOverviewTableViewCell.xib */ = {isa = PBXFileReference; lastKnownFileType = file.xib; path = MovieOverviewTableViewCell.xib; sourceTree = "<group>"; };
/* End PBXFileReference section */

/* Begin PBXFrameworksBuildPhase section */
		04E438A423049A8A0056E4C5 /* Frameworks */ = {
			isa = PBXFrameworksBuildPhase;
			buildActionMask = 2147483647;
			files = (
			);
			runOnlyForDeploymentPostprocessing = 0;
		};
		04E438BB23049A8B0056E4C5 /* Frameworks */ = {
			isa = PBXFrameworksBuildPhase;
			buildActionMask = 2147483647;
			files = (
			);
			runOnlyForDeploymentPostprocessing = 0;
		};
		04E438C623049A8B0056E4C5 /* Frameworks */ = {
			isa = PBXFrameworksBuildPhase;
			buildActionMask = 2147483647;
			files = (
			);
			runOnlyForDeploymentPostprocessing = 0;
		};
/* End PBXFrameworksBuildPhase section */

/* Begin PBXGroup section */
		04E4389E23049A890056E4C5 = {
			isa = PBXGroup;
			children = (
				04E438A923049A8A0056E4C5 /* ViperMoviesssDB */,
				04E438C123049A8B0056E4C5 /* ViperMoviesssDBTests */,
				04E438CC23049A8B0056E4C5 /* ViperMoviesssDBUITests */,
				04E438A823049A8A0056E4C5 /* Products */,
			);
			sourceTree = "<group>";
		};
		04E438A823049A8A0056E4C5 /* Products */ = {
			isa = PBXGroup;
			children = (
				04E438A723049A8A0056E4C5 /* ViperMoviesssDB.app */,
				04E438BE23049A8B0056E4C5 /* ViperMoviesssDBTests.xctest */,
				04E438C923049A8B0056E4C5 /* ViperMoviesssDBUITests.xctest */,
			);
			name = Products;
			sourceTree = "<group>";
		};
		04E438A923049A8A0056E4C5 /* ViperMoviesssDB */ = {
			isa = PBXGroup;
			children = (
				F10488CA2305CCD600EE61F8 /* DataManager */,
				04E438DB23049D280056E4C5 /* Resources */,
				04E438EA23049E160056E4C5 /* MovieHomeScreen */,
				F10488C32305C33900EE61F8 /* MovieDetailsScreen */,
				04E438AA23049A8A0056E4C5 /* AppDelegate.swift */,
				04E438AC23049A8A0056E4C5 /* ViewController.swift */,
				04E438AE23049A8A0056E4C5 /* Main.storyboard */,
				04E438B623049A8B0056E4C5 /* LaunchScreen.storyboard */,
				04E438B923049A8B0056E4C5 /* Info.plist */,
				04E438B123049A8A0056E4C5 /* ViperMoviesssDB.xcdatamodeld */,
			);
			path = ViperMoviesssDB;
			sourceTree = "<group>";
		};
		04E438C123049A8B0056E4C5 /* ViperMoviesssDBTests */ = {
			isa = PBXGroup;
			children = (
				04E438C223049A8B0056E4C5 /* ViperMoviesssDBTests.swift */,
				04E438C423049A8B0056E4C5 /* Info.plist */,
			);
			path = ViperMoviesssDBTests;
			sourceTree = "<group>";
		};
		04E438CC23049A8B0056E4C5 /* ViperMoviesssDBUITests */ = {
			isa = PBXGroup;
			children = (
				04E438CD23049A8B0056E4C5 /* ViperMoviesssDBUITests.swift */,
				04E438CF23049A8B0056E4C5 /* Info.plist */,
			);
			path = ViperMoviesssDBUITests;
			sourceTree = "<group>";
		};
		04E438DB23049D280056E4C5 /* Resources */ = {
			isa = PBXGroup;
			children = (
				04E438B423049A8B0056E4C5 /* Assets.xcassets */,
			);
			path = Resources;
			sourceTree = "<group>";
		};
		04E438EA23049E160056E4C5 /* MovieHomeScreen */ = {
			isa = PBXGroup;
			children = (
				04E438EB2304A0BD0056E4C5 /* protocols */,
				04E438F02304A0EB0056E4C5 /* entity */,
				04E438EF2304A0E90056E4C5 /* interactor */,
				04E438EE2304A0E70056E4C5 /* router */,
				04E438ED2304A0E20056E4C5 /* presenter */,
				04E438EC2304A0DB0056E4C5 /* view */,
			);
			path = MovieHomeScreen;
			sourceTree = "<group>";
		};
		04E438EB2304A0BD0056E4C5 /* protocols */ = {
			isa = PBXGroup;
			children = (
				04E438DF23049DF80056E4C5 /* MovieHomeScreenContracts.swift */,
			);
			path = protocols;
			sourceTree = "<group>";
		};
		04E438EC2304A0DB0056E4C5 /* view */ = {
			isa = PBXGroup;
			children = (
				04E438E123049DF80056E4C5 /* MovieHomeScreenView.swift */,
				F1797DD623074C13007C3FCF /* popularMovies */,
				F1797DD523074BF9007C3FCF /* nowPlaying */,
				F1797DC323072212007C3FCF /* xibs */,
			);
			path = view;
			sourceTree = "<group>";
		};
		04E438ED2304A0E20056E4C5 /* presenter */ = {
			isa = PBXGroup;
			children = (
				04E438DD23049DF80056E4C5 /* MovieHomeScreenPresenter.swift */,
			);
			path = presenter;
			sourceTree = "<group>";
		};
		04E438EE2304A0E70056E4C5 /* router */ = {
			isa = PBXGroup;
			children = (
				04E438DE23049DF80056E4C5 /* MovieHomeScreenRouter.swift */,
			);
			path = router;
			sourceTree = "<group>";
		};
		04E438EF2304A0E90056E4C5 /* interactor */ = {
			isa = PBXGroup;
			children = (
				04E438E023049DF80056E4C5 /* MovieHomeScreenInteractor.swift */,
			);
			path = interactor;
			sourceTree = "<group>";
		};
		04E438F02304A0EB0056E4C5 /* entity */ = {
			isa = PBXGroup;
			children = (
				F10488D62305D74300EE61F8 /* NowPlayingMoviesResult.swift */,
			);
			path = entity;
			sourceTree = "<group>";
		};
		F10488C32305C33900EE61F8 /* MovieDetailsScreen */ = {
			isa = PBXGroup;
			children = (
				F1797DCA230732B4007C3FCF /* MovieDetails.storyboard */,
				F10488C42305C34F00EE61F8 /* procols */,
				F10488C52305C35F00EE61F8 /* entity */,
				F10488C62305C36A00EE61F8 /* interactor */,
				F10488C72305C37700EE61F8 /* presenter */,
				F10488C92305C3B400EE61F8 /* router */,
				F10488C82305C37D00EE61F8 /* view */,
			);
			path = MovieDetailsScreen;
			sourceTree = "<group>";
		};
		F10488C42305C34F00EE61F8 /* procols */ = {
			isa = PBXGroup;
			children = (
				F10488B82305C31E00EE61F8 /* MovieDetailsContracts.swift */,
			);
			path = procols;
			sourceTree = "<group>";
		};
		F10488C52305C35F00EE61F8 /* entity */ = {
			isa = PBXGroup;
			children = (
				F10488BB2305C31E00EE61F8 /* MovieDetailsEntity.swift */,
				F10488D42305D1EC00EE61F8 /* Album.swift */,
			);
			path = entity;
			sourceTree = "<group>";
		};
		F10488C62305C36A00EE61F8 /* interactor */ = {
			isa = PBXGroup;
			children = (
				F10488B92305C31E00EE61F8 /* MovieDetailsInteractor.swift */,
			);
			path = interactor;
			sourceTree = "<group>";
		};
		F10488C72305C37700EE61F8 /* presenter */ = {
			isa = PBXGroup;
			children = (
				F10488B62305C31E00EE61F8 /* MovieDetailsPresenter.swift */,
			);
			path = presenter;
			sourceTree = "<group>";
		};
		F10488C82305C37D00EE61F8 /* view */ = {
			isa = PBXGroup;
			children = (
				F1797DCC23073494007C3FCF /* xibs */,
				F10488BA2305C31E00EE61F8 /* MovieDetailsView.swift */,
				F10488B52305C31E00EE61F8 /* MovieDetailsViewUI.swift */,
				F1797DD12307428B007C3FCF /* MovieOverviewTableViewCell.swift */,
				F1797DD22307428B007C3FCF /* MovieOverviewTableViewCell.xib */,
			);
			path = view;
			sourceTree = "<group>";
		};
		F10488C92305C3B400EE61F8 /* router */ = {
			isa = PBXGroup;
			children = (
				F10488B72305C31E00EE61F8 /* MovieDetailsRouter.swift */,
			);
			path = router;
			sourceTree = "<group>";
		};
		F10488CA2305CCD600EE61F8 /* DataManager */ = {
			isa = PBXGroup;
			children = (
				F10488CF2305D00C00EE61F8 /* protocols */,
				F10488CC2305CCE700EE61F8 /* Remote */,
				F10488CB2305CCE100EE61F8 /* Local */,
			);
			path = DataManager;
			sourceTree = "<group>";
		};
		F10488CB2305CCE100EE61F8 /* Local */ = {
			isa = PBXGroup;
			children = (
			);
			path = Local;
			sourceTree = "<group>";
		};
		F10488CC2305CCE700EE61F8 /* Remote */ = {
			isa = PBXGroup;
			children = (
				F10488CD2305D00500EE61F8 /* MovieDbAPI.swift */,
			);
			path = Remote;
			sourceTree = "<group>";
		};
		F10488CF2305D00C00EE61F8 /* protocols */ = {
			isa = PBXGroup;
			children = (
				F10488D02305D03600EE61F8 /* MovieProtocolAPI.swift */,
			);
			path = protocols;
			sourceTree = "<group>";
		};
		F1797DC323072212007C3FCF /* xibs */ = {
			isa = PBXGroup;
			children = (
				F10488E12306279600EE61F8 /* NowPlayingCollectionViewCell.xib */,
				F10488E723063B3900EE61F8 /* NowPlayingTableViewCell.xib */,
				F10488EB2306455C00EE61F8 /* PopularMoviesTableViewCell.xib */,
				F1797DC62307270A007C3FCF /* NowPlayingHeader.xib */,
			);
			path = xibs;
			sourceTree = "<group>";
		};
		F1797DCC23073494007C3FCF /* xibs */ = {
			isa = PBXGroup;
			children = (
				F1797DCD2307357E007C3FCF /* MovieDetailsHeader.xib */,
				F1797DCF230736F7007C3FCF /* VotesView.xib */,
			);
			path = xibs;
			sourceTree = "<group>";
		};
		F1797DD523074BF9007C3FCF /* nowPlaying */ = {
			isa = PBXGroup;
			children = (
				F10488E02306279600EE61F8 /* NowPlayingCollectionViewCell.swift */,
				F10488E623063B3900EE61F8 /* NowPlayingTableViewCell.swift */,
				F1797DC823072786007C3FCF /* NowPlayingViewHeader.swift */,
			);
			path = nowPlaying;
			sourceTree = "<group>";
		};
		F1797DD623074C13007C3FCF /* popularMovies */ = {
			isa = PBXGroup;
			children = (
				F10488EA2306455C00EE61F8 /* PopularMoviesTableViewCell.swift */,
			);
			path = popularMovies;
			sourceTree = "<group>";
		};
/* End PBXGroup section */

/* Begin PBXNativeTarget section */
		04E438A623049A8A0056E4C5 /* ViperMoviesssDB */ = {
			isa = PBXNativeTarget;
			buildConfigurationList = 04E438D223049A8B0056E4C5 /* Build configuration list for PBXNativeTarget "ViperMoviesssDB" */;
			buildPhases = (
				04E438A323049A8A0056E4C5 /* Sources */,
				04E438A423049A8A0056E4C5 /* Frameworks */,
				04E438A523049A8A0056E4C5 /* Resources */,
			);
			buildRules = (
			);
			dependencies = (
			);
			name = ViperMoviesssDB;
			productName = ViperMoviesssDB;
			productReference = 04E438A723049A8A0056E4C5 /* ViperMoviesssDB.app */;
			productType = "com.apple.product-type.application";
		};
		04E438BD23049A8B0056E4C5 /* ViperMoviesssDBTests */ = {
			isa = PBXNativeTarget;
			buildConfigurationList = 04E438D523049A8B0056E4C5 /* Build configuration list for PBXNativeTarget "ViperMoviesssDBTests" */;
			buildPhases = (
				04E438BA23049A8B0056E4C5 /* Sources */,
				04E438BB23049A8B0056E4C5 /* Frameworks */,
				04E438BC23049A8B0056E4C5 /* Resources */,
			);
			buildRules = (
			);
			dependencies = (
				04E438C023049A8B0056E4C5 /* PBXTargetDependency */,
			);
			name = ViperMoviesssDBTests;
			productName = ViperMoviesssDBTests;
			productReference = 04E438BE23049A8B0056E4C5 /* ViperMoviesssDBTests.xctest */;
			productType = "com.apple.product-type.bundle.unit-test";
		};
		04E438C823049A8B0056E4C5 /* ViperMoviesssDBUITests */ = {
			isa = PBXNativeTarget;
			buildConfigurationList = 04E438D823049A8B0056E4C5 /* Build configuration list for PBXNativeTarget "ViperMoviesssDBUITests" */;
			buildPhases = (
				04E438C523049A8B0056E4C5 /* Sources */,
				04E438C623049A8B0056E4C5 /* Frameworks */,
				04E438C723049A8B0056E4C5 /* Resources */,
			);
			buildRules = (
			);
			dependencies = (
				04E438CB23049A8B0056E4C5 /* PBXTargetDependency */,
			);
			name = ViperMoviesssDBUITests;
			productName = ViperMoviesssDBUITests;
			productReference = 04E438C923049A8B0056E4C5 /* ViperMoviesssDBUITests.xctest */;
			productType = "com.apple.product-type.bundle.ui-testing";
		};
/* End PBXNativeTarget section */

/* Begin PBXProject section */
		04E4389F23049A890056E4C5 /* Project object */ = {
			isa = PBXProject;
			attributes = {
				LastSwiftUpdateCheck = 1030;
				LastUpgradeCheck = 1030;
				ORGANIZATIONNAME = Luiz;
				TargetAttributes = {
					04E438A623049A8A0056E4C5 = {
						CreatedOnToolsVersion = 10.3;
					};
					04E438BD23049A8B0056E4C5 = {
						CreatedOnToolsVersion = 10.3;
						TestTargetID = 04E438A623049A8A0056E4C5;
					};
					04E438C823049A8B0056E4C5 = {
						CreatedOnToolsVersion = 10.3;
						TestTargetID = 04E438A623049A8A0056E4C5;
					};
				};
			};
			buildConfigurationList = 04E438A223049A890056E4C5 /* Build configuration list for PBXProject "ViperMoviesssDB" */;
			compatibilityVersion = "Xcode 9.3";
			developmentRegion = en;
			hasScannedForEncodings = 0;
			knownRegions = (
				en,
				Base,
			);
			mainGroup = 04E4389E23049A890056E4C5;
			productRefGroup = 04E438A823049A8A0056E4C5 /* Products */;
			projectDirPath = "";
			projectRoot = "";
			targets = (
				04E438A623049A8A0056E4C5 /* ViperMoviesssDB */,
				04E438BD23049A8B0056E4C5 /* ViperMoviesssDBTests */,
				04E438C823049A8B0056E4C5 /* ViperMoviesssDBUITests */,
			);
		};
/* End PBXProject section */

/* Begin PBXResourcesBuildPhase section */
		04E438A523049A8A0056E4C5 /* Resources */ = {
			isa = PBXResourcesBuildPhase;
			buildActionMask = 2147483647;
			files = (
				F1797DCE2307357E007C3FCF /* MovieDetailsHeader.xib in Resources */,
				F10488ED2306455C00EE61F8 /* PopularMoviesTableViewCell.xib in Resources */,
				F1797DD0230736F7007C3FCF /* VotesView.xib in Resources */,
				F10488E32306279600EE61F8 /* NowPlayingCollectionViewCell.xib in Resources */,
				04E438B823049A8B0056E4C5 /* LaunchScreen.storyboard in Resources */,
				04E438B523049A8B0056E4C5 /* Assets.xcassets in Resources */,
				F1797DCB230732B4007C3FCF /* MovieDetails.storyboard in Resources */,
				F1797DD42307428B007C3FCF /* MovieOverviewTableViewCell.xib in Resources */,
				04E438B023049A8A0056E4C5 /* Main.storyboard in Resources */,
				F1797DC72307270A007C3FCF /* NowPlayingHeader.xib in Resources */,
				F10488E923063B3900EE61F8 /* NowPlayingTableViewCell.xib in Resources */,
			);
			runOnlyForDeploymentPostprocessing = 0;
		};
		04E438BC23049A8B0056E4C5 /* Resources */ = {
			isa = PBXResourcesBuildPhase;
			buildActionMask = 2147483647;
			files = (
			);
			runOnlyForDeploymentPostprocessing = 0;
		};
		04E438C723049A8B0056E4C5 /* Resources */ = {
			isa = PBXResourcesBuildPhase;
			buildActionMask = 2147483647;
			files = (
			);
			runOnlyForDeploymentPostprocessing = 0;
		};
/* End PBXResourcesBuildPhase section */

/* Begin PBXSourcesBuildPhase section */
		04E438A323049A8A0056E4C5 /* Sources */ = {
			isa = PBXSourcesBuildPhase;
			buildActionMask = 2147483647;
			files = (
				F1797DD32307428B007C3FCF /* MovieOverviewTableViewCell.swift in Sources */,
				F10488E22306279600EE61F8 /* NowPlayingCollectionViewCell.swift in Sources */,
				F10488CE2305D00500EE61F8 /* MovieDbAPI.swift in Sources */,
				04E438AD23049A8A0056E4C5 /* ViewController.swift in Sources */,
				F10488C12305C31E00EE61F8 /* MovieDetailsView.swift in Sources */,
				04E438E623049DF80056E4C5 /* MovieHomeScreenContracts.swift in Sources */,
				F10488E823063B3900EE61F8 /* NowPlayingTableViewCell.swift in Sources */,
				F10488D52305D1EC00EE61F8 /* Album.swift in Sources */,
				F10488BE2305C31E00EE61F8 /* MovieDetailsRouter.swift in Sources */,
				04E438E823049DF80056E4C5 /* MovieHomeScreenView.swift in Sources */,
				F1797DC923072786007C3FCF /* NowPlayingViewHeader.swift in Sources */,
				04E438E523049DF80056E4C5 /* MovieHomeScreenRouter.swift in Sources */,
				04E438B323049A8A0056E4C5 /* ViperMoviesssDB.xcdatamodeld in Sources */,
				F10488C22305C31E00EE61F8 /* MovieDetailsEntity.swift in Sources */,
				04E438AB23049A8A0056E4C5 /* AppDelegate.swift in Sources */,
				F10488BC2305C31E00EE61F8 /* MovieDetailsViewUI.swift in Sources */,
				F10488C02305C31E00EE61F8 /* MovieDetailsInteractor.swift in Sources */,
				F10488EC2306455C00EE61F8 /* PopularMoviesTableViewCell.swift in Sources */,
				F10488BD2305C31E00EE61F8 /* MovieDetailsPresenter.swift in Sources */,
				04E438E723049DF80056E4C5 /* MovieHomeScreenInteractor.swift in Sources */,
				F10488D72305D74300EE61F8 /* NowPlayingMoviesResult.swift in Sources */,
				F10488BF2305C31E00EE61F8 /* MovieDetailsContracts.swift in Sources */,
				F10488D12305D03600EE61F8 /* MovieProtocolAPI.swift in Sources */,
				04E438E423049DF80056E4C5 /* MovieHomeScreenPresenter.swift in Sources */,
			);
			runOnlyForDeploymentPostprocessing = 0;
		};
		04E438BA23049A8B0056E4C5 /* Sources */ = {
			isa = PBXSourcesBuildPhase;
			buildActionMask = 2147483647;
			files = (
				04E438C323049A8B0056E4C5 /* ViperMoviesssDBTests.swift in Sources */,
			);
			runOnlyForDeploymentPostprocessing = 0;
		};
		04E438C523049A8B0056E4C5 /* Sources */ = {
			isa = PBXSourcesBuildPhase;
			buildActionMask = 2147483647;
			files = (
				04E438CE23049A8B0056E4C5 /* ViperMoviesssDBUITests.swift in Sources */,
			);
			runOnlyForDeploymentPostprocessing = 0;
		};
/* End PBXSourcesBuildPhase section */

/* Begin PBXTargetDependency section */
		04E438C023049A8B0056E4C5 /* PBXTargetDependency */ = {
			isa = PBXTargetDependency;
			target = 04E438A623049A8A0056E4C5 /* ViperMoviesssDB */;
			targetProxy = 04E438BF23049A8B0056E4C5 /* PBXContainerItemProxy */;
		};
		04E438CB23049A8B0056E4C5 /* PBXTargetDependency */ = {
			isa = PBXTargetDependency;
			target = 04E438A623049A8A0056E4C5 /* ViperMoviesssDB */;
			targetProxy = 04E438CA23049A8B0056E4C5 /* PBXContainerItemProxy */;
		};
/* End PBXTargetDependency section */

/* Begin PBXVariantGroup section */
		04E438AE23049A8A0056E4C5 /* Main.storyboard */ = {
			isa = PBXVariantGroup;
			children = (
				04E438AF23049A8A0056E4C5 /* Base */,
			);
			name = Main.storyboard;
			sourceTree = "<group>";
		};
		04E438B623049A8B0056E4C5 /* LaunchScreen.storyboard */ = {
			isa = PBXVariantGroup;
			children = (
				04E438B723049A8B0056E4C5 /* Base */,
			);
			name = LaunchScreen.storyboard;
			sourceTree = "<group>";
		};
/* End PBXVariantGroup section */

/* Begin XCBuildConfiguration section */
		04E438D023049A8B0056E4C5 /* Debug */ = {
			isa = XCBuildConfiguration;
			buildSettings = {
				ALWAYS_SEARCH_USER_PATHS = NO;
				CLANG_ANALYZER_NONNULL = YES;
				CLANG_ANALYZER_NUMBER_OBJECT_CONVERSION = YES_AGGRESSIVE;
				CLANG_CXX_LANGUAGE_STANDARD = "gnu++14";
				CLANG_CXX_LIBRARY = "libc++";
				CLANG_ENABLE_MODULES = YES;
				CLANG_ENABLE_OBJC_ARC = YES;
				CLANG_ENABLE_OBJC_WEAK = YES;
				CLANG_WARN_BLOCK_CAPTURE_AUTORELEASING = YES;
				CLANG_WARN_BOOL_CONVERSION = YES;
				CLANG_WARN_COMMA = YES;
				CLANG_WARN_CONSTANT_CONVERSION = YES;
				CLANG_WARN_DEPRECATED_OBJC_IMPLEMENTATIONS = YES;
				CLANG_WARN_DIRECT_OBJC_ISA_USAGE = YES_ERROR;
				CLANG_WARN_DOCUMENTATION_COMMENTS = YES;
				CLANG_WARN_EMPTY_BODY = YES;
				CLANG_WARN_ENUM_CONVERSION = YES;
				CLANG_WARN_INFINITE_RECURSION = YES;
				CLANG_WARN_INT_CONVERSION = YES;
				CLANG_WARN_NON_LITERAL_NULL_CONVERSION = YES;
				CLANG_WARN_OBJC_IMPLICIT_RETAIN_SELF = YES;
				CLANG_WARN_OBJC_LITERAL_CONVERSION = YES;
				CLANG_WARN_OBJC_ROOT_CLASS = YES_ERROR;
				CLANG_WARN_RANGE_LOOP_ANALYSIS = YES;
				CLANG_WARN_STRICT_PROTOTYPES = YES;
				CLANG_WARN_SUSPICIOUS_MOVE = YES;
				CLANG_WARN_UNGUARDED_AVAILABILITY = YES_AGGRESSIVE;
				CLANG_WARN_UNREACHABLE_CODE = YES;
				CLANG_WARN__DUPLICATE_METHOD_MATCH = YES;
				CODE_SIGN_IDENTITY = "iPhone Developer";
				COPY_PHASE_STRIP = NO;
				DEBUG_INFORMATION_FORMAT = dwarf;
				ENABLE_STRICT_OBJC_MSGSEND = YES;
				ENABLE_TESTABILITY = YES;
				GCC_C_LANGUAGE_STANDARD = gnu11;
				GCC_DYNAMIC_NO_PIC = NO;
				GCC_NO_COMMON_BLOCKS = YES;
				GCC_OPTIMIZATION_LEVEL = 0;
				GCC_PREPROCESSOR_DEFINITIONS = (
					"DEBUG=1",
					"$(inherited)",
				);
				GCC_WARN_64_TO_32_BIT_CONVERSION = YES;
				GCC_WARN_ABOUT_RETURN_TYPE = YES_ERROR;
				GCC_WARN_UNDECLARED_SELECTOR = YES;
				GCC_WARN_UNINITIALIZED_AUTOS = YES_AGGRESSIVE;
				GCC_WARN_UNUSED_FUNCTION = YES;
				GCC_WARN_UNUSED_VARIABLE = YES;
				IPHONEOS_DEPLOYMENT_TARGET = 12.4;
				MTL_ENABLE_DEBUG_INFO = INCLUDE_SOURCE;
				MTL_FAST_MATH = YES;
				ONLY_ACTIVE_ARCH = YES;
				SDKROOT = iphoneos;
				SWIFT_ACTIVE_COMPILATION_CONDITIONS = DEBUG;
				SWIFT_OPTIMIZATION_LEVEL = "-Onone";
			};
			name = Debug;
		};
		04E438D123049A8B0056E4C5 /* Release */ = {
			isa = XCBuildConfiguration;
			buildSettings = {
				ALWAYS_SEARCH_USER_PATHS = NO;
				CLANG_ANALYZER_NONNULL = YES;
				CLANG_ANALYZER_NUMBER_OBJECT_CONVERSION = YES_AGGRESSIVE;
				CLANG_CXX_LANGUAGE_STANDARD = "gnu++14";
				CLANG_CXX_LIBRARY = "libc++";
				CLANG_ENABLE_MODULES = YES;
				CLANG_ENABLE_OBJC_ARC = YES;
				CLANG_ENABLE_OBJC_WEAK = YES;
				CLANG_WARN_BLOCK_CAPTURE_AUTORELEASING = YES;
				CLANG_WARN_BOOL_CONVERSION = YES;
				CLANG_WARN_COMMA = YES;
				CLANG_WARN_CONSTANT_CONVERSION = YES;
				CLANG_WARN_DEPRECATED_OBJC_IMPLEMENTATIONS = YES;
				CLANG_WARN_DIRECT_OBJC_ISA_USAGE = YES_ERROR;
				CLANG_WARN_DOCUMENTATION_COMMENTS = YES;
				CLANG_WARN_EMPTY_BODY = YES;
				CLANG_WARN_ENUM_CONVERSION = YES;
				CLANG_WARN_INFINITE_RECURSION = YES;
				CLANG_WARN_INT_CONVERSION = YES;
				CLANG_WARN_NON_LITERAL_NULL_CONVERSION = YES;
				CLANG_WARN_OBJC_IMPLICIT_RETAIN_SELF = YES;
				CLANG_WARN_OBJC_LITERAL_CONVERSION = YES;
				CLANG_WARN_OBJC_ROOT_CLASS = YES_ERROR;
				CLANG_WARN_RANGE_LOOP_ANALYSIS = YES;
				CLANG_WARN_STRICT_PROTOTYPES = YES;
				CLANG_WARN_SUSPICIOUS_MOVE = YES;
				CLANG_WARN_UNGUARDED_AVAILABILITY = YES_AGGRESSIVE;
				CLANG_WARN_UNREACHABLE_CODE = YES;
				CLANG_WARN__DUPLICATE_METHOD_MATCH = YES;
				CODE_SIGN_IDENTITY = "iPhone Developer";
				COPY_PHASE_STRIP = NO;
				DEBUG_INFORMATION_FORMAT = "dwarf-with-dsym";
				ENABLE_NS_ASSERTIONS = NO;
				ENABLE_STRICT_OBJC_MSGSEND = YES;
				GCC_C_LANGUAGE_STANDARD = gnu11;
				GCC_NO_COMMON_BLOCKS = YES;
				GCC_WARN_64_TO_32_BIT_CONVERSION = YES;
				GCC_WARN_ABOUT_RETURN_TYPE = YES_ERROR;
				GCC_WARN_UNDECLARED_SELECTOR = YES;
				GCC_WARN_UNINITIALIZED_AUTOS = YES_AGGRESSIVE;
				GCC_WARN_UNUSED_FUNCTION = YES;
				GCC_WARN_UNUSED_VARIABLE = YES;
				IPHONEOS_DEPLOYMENT_TARGET = 12.4;
				MTL_ENABLE_DEBUG_INFO = NO;
				MTL_FAST_MATH = YES;
				SDKROOT = iphoneos;
				SWIFT_COMPILATION_MODE = wholemodule;
				SWIFT_OPTIMIZATION_LEVEL = "-O";
				VALIDATE_PRODUCT = YES;
			};
			name = Release;
		};
		04E438D323049A8B0056E4C5 /* Debug */ = {
			isa = XCBuildConfiguration;
			buildSettings = {
				ASSETCATALOG_COMPILER_APPICON_NAME = AppIcon;
				CODE_SIGN_STYLE = Automatic;
				DEVELOPMENT_TEAM = F229TZ6SP5;
				INFOPLIST_FILE = ViperMoviesssDB/Info.plist;
				LD_RUNPATH_SEARCH_PATHS = (
					"$(inherited)",
					"@executable_path/Frameworks",
				);
				PRODUCT_BUNDLE_IDENTIFIER = Luiz.ViperMoviesssDB;
				PRODUCT_NAME = "$(TARGET_NAME)";
				SWIFT_VERSION = 5.0;
				TARGETED_DEVICE_FAMILY = "1,2";
			};
			name = Debug;
		};
		04E438D423049A8B0056E4C5 /* Release */ = {
			isa = XCBuildConfiguration;
			buildSettings = {
				ASSETCATALOG_COMPILER_APPICON_NAME = AppIcon;
				CODE_SIGN_STYLE = Automatic;
				DEVELOPMENT_TEAM = F229TZ6SP5;
				INFOPLIST_FILE = ViperMoviesssDB/Info.plist;
				LD_RUNPATH_SEARCH_PATHS = (
					"$(inherited)",
					"@executable_path/Frameworks",
				);
				PRODUCT_BUNDLE_IDENTIFIER = Luiz.ViperMoviesssDB;
				PRODUCT_NAME = "$(TARGET_NAME)";
				SWIFT_VERSION = 5.0;
				TARGETED_DEVICE_FAMILY = "1,2";
			};
			name = Release;
		};
		04E438D623049A8B0056E4C5 /* Debug */ = {
			isa = XCBuildConfiguration;
			buildSettings = {
				ALWAYS_EMBED_SWIFT_STANDARD_LIBRARIES = YES;
				BUNDLE_LOADER = "$(TEST_HOST)";
				CODE_SIGN_STYLE = Automatic;
				DEVELOPMENT_TEAM = 9BB2SW97R4;
				INFOPLIST_FILE = ViperMoviesssDBTests/Info.plist;
				LD_RUNPATH_SEARCH_PATHS = (
					"$(inherited)",
					"@executable_path/Frameworks",
					"@loader_path/Frameworks",
				);
				PRODUCT_BUNDLE_IDENTIFIER = Luiz.ViperMoviesssDBTests;
				PRODUCT_NAME = "$(TARGET_NAME)";
				SWIFT_VERSION = 5.0;
				TARGETED_DEVICE_FAMILY = "1,2";
				TEST_HOST = "$(BUILT_PRODUCTS_DIR)/ViperMoviesssDB.app/ViperMoviesssDB";
			};
			name = Debug;
		};
		04E438D723049A8B0056E4C5 /* Release */ = {
			isa = XCBuildConfiguration;
			buildSettings = {
				ALWAYS_EMBED_SWIFT_STANDARD_LIBRARIES = YES;
				BUNDLE_LOADER = "$(TEST_HOST)";
				CODE_SIGN_STYLE = Automatic;
				DEVELOPMENT_TEAM = 9BB2SW97R4;
				INFOPLIST_FILE = ViperMoviesssDBTests/Info.plist;
				LD_RUNPATH_SEARCH_PATHS = (
					"$(inherited)",
					"@executable_path/Frameworks",
					"@loader_path/Frameworks",
				);
				PRODUCT_BUNDLE_IDENTIFIER = Luiz.ViperMoviesssDBTests;
				PRODUCT_NAME = "$(TARGET_NAME)";
				SWIFT_VERSION = 5.0;
				TARGETED_DEVICE_FAMILY = "1,2";
				TEST_HOST = "$(BUILT_PRODUCTS_DIR)/ViperMoviesssDB.app/ViperMoviesssDB";
			};
			name = Release;
		};
		04E438D923049A8B0056E4C5 /* Debug */ = {
			isa = XCBuildConfiguration;
			buildSettings = {
				ALWAYS_EMBED_SWIFT_STANDARD_LIBRARIES = YES;
				CODE_SIGN_STYLE = Automatic;
				DEVELOPMENT_TEAM = 9BB2SW97R4;
				INFOPLIST_FILE = ViperMoviesssDBUITests/Info.plist;
				LD_RUNPATH_SEARCH_PATHS = (
					"$(inherited)",
					"@executable_path/Frameworks",
					"@loader_path/Frameworks",
				);
				PRODUCT_BUNDLE_IDENTIFIER = Luiz.ViperMoviesssDBUITests;
				PRODUCT_NAME = "$(TARGET_NAME)";
				SWIFT_VERSION = 5.0;
				TARGETED_DEVICE_FAMILY = "1,2";
				TEST_TARGET_NAME = ViperMoviesssDB;
			};
			name = Debug;
		};
		04E438DA23049A8B0056E4C5 /* Release */ = {
			isa = XCBuildConfiguration;
			buildSettings = {
				ALWAYS_EMBED_SWIFT_STANDARD_LIBRARIES = YES;
				CODE_SIGN_STYLE = Automatic;
				DEVELOPMENT_TEAM = 9BB2SW97R4;
				INFOPLIST_FILE = ViperMoviesssDBUITests/Info.plist;
				LD_RUNPATH_SEARCH_PATHS = (
					"$(inherited)",
					"@executable_path/Frameworks",
					"@loader_path/Frameworks",
				);
				PRODUCT_BUNDLE_IDENTIFIER = Luiz.ViperMoviesssDBUITests;
				PRODUCT_NAME = "$(TARGET_NAME)";
				SWIFT_VERSION = 5.0;
				TARGETED_DEVICE_FAMILY = "1,2";
				TEST_TARGET_NAME = ViperMoviesssDB;
			};
			name = Release;
		};
/* End XCBuildConfiguration section */

/* Begin XCConfigurationList section */
		04E438A223049A890056E4C5 /* Build configuration list for PBXProject "ViperMoviesssDB" */ = {
			isa = XCConfigurationList;
			buildConfigurations = (
				04E438D023049A8B0056E4C5 /* Debug */,
				04E438D123049A8B0056E4C5 /* Release */,
			);
			defaultConfigurationIsVisible = 0;
			defaultConfigurationName = Release;
		};
		04E438D223049A8B0056E4C5 /* Build configuration list for PBXNativeTarget "ViperMoviesssDB" */ = {
			isa = XCConfigurationList;
			buildConfigurations = (
				04E438D323049A8B0056E4C5 /* Debug */,
				04E438D423049A8B0056E4C5 /* Release */,
			);
			defaultConfigurationIsVisible = 0;
			defaultConfigurationName = Release;
		};
		04E438D523049A8B0056E4C5 /* Build configuration list for PBXNativeTarget "ViperMoviesssDBTests" */ = {
			isa = XCConfigurationList;
			buildConfigurations = (
				04E438D623049A8B0056E4C5 /* Debug */,
				04E438D723049A8B0056E4C5 /* Release */,
			);
			defaultConfigurationIsVisible = 0;
			defaultConfigurationName = Release;
		};
		04E438D823049A8B0056E4C5 /* Build configuration list for PBXNativeTarget "ViperMoviesssDBUITests" */ = {
			isa = XCConfigurationList;
			buildConfigurations = (
				04E438D923049A8B0056E4C5 /* Debug */,
				04E438DA23049A8B0056E4C5 /* Release */,
			);
			defaultConfigurationIsVisible = 0;
			defaultConfigurationName = Release;
		};
/* End XCConfigurationList section */

/* Begin XCVersionGroup section */
		04E438B123049A8A0056E4C5 /* ViperMoviesssDB.xcdatamodeld */ = {
			isa = XCVersionGroup;
			children = (
				04E438B223049A8A0056E4C5 /* ViperMoviesssDB.xcdatamodel */,
			);
			currentVersion = 04E438B223049A8A0056E4C5 /* ViperMoviesssDB.xcdatamodel */;
			path = ViperMoviesssDB.xcdatamodeld;
			sourceTree = "<group>";
			versionGroupType = wrapper.xcdatamodel;
		};
/* End XCVersionGroup section */
	};
	rootObject = 04E4389F23049A890056E4C5 /* Project object */;
}
